// !$*UTF8*$!
{
	archiveVersion = 1;
	classes = {
	};
	objectVersion = 55;
	objects = {

/* Begin PBXBuildFile section */
		8278A31D291D836800BE37A1 /* AppDelegate.swift in Sources */ = {isa = PBXBuildFile; fileRef = 8278A31C291D836800BE37A1 /* AppDelegate.swift */; };
		8278A31F291D836800BE37A1 /* SceneDelegate.swift in Sources */ = {isa = PBXBuildFile; fileRef = 8278A31E291D836800BE37A1 /* SceneDelegate.swift */; };
		8278A321291D836800BE37A1 /* ViewController.swift in Sources */ = {isa = PBXBuildFile; fileRef = 8278A320291D836800BE37A1 /* ViewController.swift */; };
		8278A324291D836800BE37A1 /* Main.storyboard in Resources */ = {isa = PBXBuildFile; fileRef = 8278A322291D836800BE37A1 /* Main.storyboard */; };
		8278A326291D836900BE37A1 /* Assets.xcassets in Resources */ = {isa = PBXBuildFile; fileRef = 8278A325291D836900BE37A1 /* Assets.xcassets */; };
		8278A329291D836900BE37A1 /* LaunchScreen.storyboard in Resources */ = {isa = PBXBuildFile; fileRef = 8278A327291D836900BE37A1 /* LaunchScreen.storyboard */; };
		8278A332291D84BA00BE37A1 /* Extansion+UIView.swift in Sources */ = {isa = PBXBuildFile; fileRef = 8278A331291D84BA00BE37A1 /* Extansion+UIView.swift */; };
		8278A334291D851E00BE37A1 /* OnboardingSlide.swift in Sources */ = {isa = PBXBuildFile; fileRef = 8278A333291D851E00BE37A1 /* OnboardingSlide.swift */; };
		8278A337291D858C00BE37A1 /* OnboardingVC.swift in Sources */ = {isa = PBXBuildFile; fileRef = 8278A336291D858C00BE37A1 /* OnboardingVC.swift */; };
		8278A339291D85D100BE37A1 /* OnboardinCollectionViewCell.swift in Sources */ = {isa = PBXBuildFile; fileRef = 8278A338291D85D100BE37A1 /* OnboardinCollectionViewCell.swift */; };
/* End PBXBuildFile section */

/* Begin PBXFileReference section */
		8278A319291D836800BE37A1 /* CryptoN.app */ = {isa = PBXFileReference; explicitFileType = wrapper.application; includeInIndex = 0; path = CryptoN.app; sourceTree = BUILT_PRODUCTS_DIR; };
		8278A31C291D836800BE37A1 /* AppDelegate.swift */ = {isa = PBXFileReference; lastKnownFileType = sourcecode.swift; path = AppDelegate.swift; sourceTree = "<group>"; };
		8278A31E291D836800BE37A1 /* SceneDelegate.swift */ = {isa = PBXFileReference; lastKnownFileType = sourcecode.swift; path = SceneDelegate.swift; sourceTree = "<group>"; };
		8278A320291D836800BE37A1 /* ViewController.swift */ = {isa = PBXFileReference; lastKnownFileType = sourcecode.swift; path = ViewController.swift; sourceTree = "<group>"; };
		8278A323291D836800BE37A1 /* Base */ = {isa = PBXFileReference; lastKnownFileType = file.storyboard; name = Base; path = Base.lproj/Main.storyboard; sourceTree = "<group>"; };
		8278A325291D836900BE37A1 /* Assets.xcassets */ = {isa = PBXFileReference; lastKnownFileType = folder.assetcatalog; path = Assets.xcassets; sourceTree = "<group>"; };
		8278A328291D836900BE37A1 /* Base */ = {isa = PBXFileReference; lastKnownFileType = file.storyboard; name = Base; path = Base.lproj/LaunchScreen.storyboard; sourceTree = "<group>"; };
		8278A32A291D836900BE37A1 /* Info.plist */ = {isa = PBXFileReference; lastKnownFileType = text.plist.xml; path = Info.plist; sourceTree = "<group>"; };
		8278A331291D84BA00BE37A1 /* Extansion+UIView.swift */ = {isa = PBXFileReference; lastKnownFileType = sourcecode.swift; path = "Extansion+UIView.swift"; sourceTree = "<group>"; };
		8278A333291D851E00BE37A1 /* OnboardingSlide.swift */ = {isa = PBXFileReference; lastKnownFileType = sourcecode.swift; path = OnboardingSlide.swift; sourceTree = "<group>"; };
		8278A336291D858C00BE37A1 /* OnboardingVC.swift */ = {isa = PBXFileReference; lastKnownFileType = sourcecode.swift; path = OnboardingVC.swift; sourceTree = "<group>"; };
		8278A338291D85D100BE37A1 /* OnboardinCollectionViewCell.swift */ = {isa = PBXFileReference; lastKnownFileType = sourcecode.swift; path = OnboardinCollectionViewCell.swift; sourceTree = "<group>"; };
/* End PBXFileReference section */

/* Begin PBXFrameworksBuildPhase section */
		8278A316291D836800BE37A1 /* Frameworks */ = {
			isa = PBXFrameworksBuildPhase;
			buildActionMask = 2147483647;
			files = (
			);
			runOnlyForDeploymentPostprocessing = 0;
		};
/* End PBXFrameworksBuildPhase section */

/* Begin PBXGroup section */
		8278A310291D836800BE37A1 = {
			isa = PBXGroup;
			children = (
				8278A31B291D836800BE37A1 /* CryptoN */,
				8278A31A291D836800BE37A1 /* Products */,
			);
			sourceTree = "<group>";
		};
		8278A31A291D836800BE37A1 /* Products */ = {
			isa = PBXGroup;
			children = (
				8278A319291D836800BE37A1 /* CryptoN.app */,
			);
			name = Products;
			sourceTree = "<group>";
		};
		8278A31B291D836800BE37A1 /* CryptoN */ = {
			isa = PBXGroup;
			children = (
				8278A33A291D89F600BE37A1 /* Model */,
				8278A335291D856500BE37A1 /* Onboarding */,
				8278A330291D848100BE37A1 /* Extansion */,
				8278A31C291D836800BE37A1 /* AppDelegate.swift */,
				8278A31E291D836800BE37A1 /* SceneDelegate.swift */,
				8278A320291D836800BE37A1 /* ViewController.swift */,
				8278A322291D836800BE37A1 /* Main.storyboard */,
				8278A325291D836900BE37A1 /* Assets.xcassets */,
				8278A327291D836900BE37A1 /* LaunchScreen.storyboard */,
				8278A32A291D836900BE37A1 /* Info.plist */,
			);
			path = CryptoN;
			sourceTree = "<group>";
		};
		8278A330291D848100BE37A1 /* Extansion */ = {
			isa = PBXGroup;
			children = (
				8278A331291D84BA00BE37A1 /* Extansion+UIView.swift */,
			);
			path = Extansion;
			sourceTree = "<group>";
		};
		8278A335291D856500BE37A1 /* Onboarding */ = {
			isa = PBXGroup;
			children = (
				8278A336291D858C00BE37A1 /* OnboardingVC.swift */,
				8278A338291D85D100BE37A1 /* OnboardinCollectionViewCell.swift */,
			);
			path = Onboarding;
			sourceTree = "<group>";
		};
		8278A33A291D89F600BE37A1 /* Model */ = {
			isa = PBXGroup;
			children = (
				8278A333291D851E00BE37A1 /* OnboardingSlide.swift */,
			);
			path = Model;
			sourceTree = "<group>";
		};
/* End PBXGroup section */

/* Begin PBXNativeTarget section */
		8278A318291D836800BE37A1 /* CryptoN */ = {
			isa = PBXNativeTarget;
			buildConfigurationList = 8278A32D291D836900BE37A1 /* Build configuration list for PBXNativeTarget "CryptoN" */;
			buildPhases = (
				8278A315291D836800BE37A1 /* Sources */,
				8278A316291D836800BE37A1 /* Frameworks */,
				8278A317291D836800BE37A1 /* Resources */,
			);
			buildRules = (
			);
			dependencies = (
			);
			name = CryptoN;
			productName = CryptoN;
			productReference = 8278A319291D836800BE37A1 /* CryptoN.app */;
			productType = "com.apple.product-type.application";
		};
/* End PBXNativeTarget section */

/* Begin PBXProject section */
		8278A311291D836800BE37A1 /* Project object */ = {
			isa = PBXProject;
			attributes = {
				BuildIndependentTargetsInParallel = 1;
				LastSwiftUpdateCheck = 1340;
				LastUpgradeCheck = 1340;
				TargetAttributes = {
					8278A318291D836800BE37A1 = {
						CreatedOnToolsVersion = 13.4.1;
					};
				};
			};
			buildConfigurationList = 8278A314291D836800BE37A1 /* Build configuration list for PBXProject "CryptoN" */;
			compatibilityVersion = "Xcode 13.0";
			developmentRegion = en;
			hasScannedForEncodings = 0;
			knownRegions = (
				en,
				Base,
			);
			mainGroup = 8278A310291D836800BE37A1;
			productRefGroup = 8278A31A291D836800BE37A1 /* Products */;
			projectDirPath = "";
			projectRoot = "";
			targets = (
				8278A318291D836800BE37A1 /* CryptoN */,
			);
		};
/* End PBXProject section */

/* Begin PBXResourcesBuildPhase section */
		8278A317291D836800BE37A1 /* Resources */ = {
			isa = PBXResourcesBuildPhase;
			buildActionMask = 2147483647;
			files = (
				8278A329291D836900BE37A1 /* LaunchScreen.storyboard in Resources */,
				8278A326291D836900BE37A1 /* Assets.xcassets in Resources */,
				8278A324291D836800BE37A1 /* Main.storyboard in Resources */,
			);
			runOnlyForDeploymentPostprocessing = 0;
		};
/* End PBXResourcesBuildPhase section */

/* Begin PBXSourcesBuildPhase section */
		8278A315291D836800BE37A1 /* Sources */ = {
			isa = PBXSourcesBuildPhase;
			buildActionMask = 2147483647;
			files = (
				8278A334291D851E00BE37A1 /* OnboardingSlide.swift in Sources */,
				8278A337291D858C00BE37A1 /* OnboardingVC.swift in Sources */,
				8278A339291D85D100BE37A1 /* OnboardinCollectionViewCell.swift in Sources */,
				8278A321291D836800BE37A1 /* ViewController.swift in Sources */,
				8278A31D291D836800BE37A1 /* AppDelegate.swift in Sources */,
				8278A332291D84BA00BE37A1 /* Extansion+UIView.swift in Sources */,
				8278A31F291D836800BE37A1 /* SceneDelegate.swift in Sources */,
			);
			runOnlyForDeploymentPostprocessing = 0;
		};
/* End PBXSourcesBuildPhase section */

/* Begin PBXVariantGroup section */
		8278A322291D836800BE37A1 /* Main.storyboard */ = {
			isa = PBXVariantGroup;
			children = (
				8278A323291D836800BE37A1 /* Base */,
			);
			name = Main.storyboard;
			sourceTree = "<group>";
		};
		8278A327291D836900BE37A1 /* LaunchScreen.storyboard */ = {
			isa = PBXVariantGroup;
			children = (
				8278A328291D836900BE37A1 /* Base */,
			);
			name = LaunchScreen.storyboard;
			sourceTree = "<group>";
		};
/* End PBXVariantGroup section */

/* Begin XCBuildConfiguration section */
		8278A32B291D836900BE37A1 /* Debug */ = {
			isa = XCBuildConfiguration;
			buildSettings = {
				ALWAYS_SEARCH_USER_PATHS = NO;
				CLANG_ANALYZER_NONNULL = YES;
				CLANG_ANALYZER_NUMBER_OBJECT_CONVERSION = YES_AGGRESSIVE;
				CLANG_CXX_LANGUAGE_STANDARD = "gnu++17";
				CLANG_ENABLE_MODULES = YES;
				CLANG_ENABLE_OBJC_ARC = YES;
				CLANG_ENABLE_OBJC_WEAK = YES;
				CLANG_WARN_BLOCK_CAPTURE_AUTORELEASING = YES;
				CLANG_WARN_BOOL_CONVERSION = YES;
				CLANG_WARN_COMMA = YES;
				CLANG_WARN_CONSTANT_CONVERSION = YES;
				CLANG_WARN_DEPRECATED_OBJC_IMPLEMENTATIONS = YES;
				CLANG_WARN_DIRECT_OBJC_ISA_USAGE = YES_ERROR;
				CLANG_WARN_DOCUMENTATION_COMMENTS = YES;
				CLANG_WARN_EMPTY_BODY = YES;
				CLANG_WARN_ENUM_CONVERSION = YES;
				CLANG_WARN_INFINITE_RECURSION = YES;
				CLANG_WARN_INT_CONVERSION = YES;
				CLANG_WARN_NON_LITERAL_NULL_CONVERSION = YES;
				CLANG_WARN_OBJC_IMPLICIT_RETAIN_SELF = YES;
				CLANG_WARN_OBJC_LITERAL_CONVERSION = YES;
				CLANG_WARN_OBJC_ROOT_CLASS = YES_ERROR;
				CLANG_WARN_QUOTED_INCLUDE_IN_FRAMEWORK_HEADER = YES;
				CLANG_WARN_RANGE_LOOP_ANALYSIS = YES;
				CLANG_WARN_STRICT_PROTOTYPES = YES;
				CLANG_WARN_SUSPICIOUS_MOVE = YES;
				CLANG_WARN_UNGUARDED_AVAILABILITY = YES_AGGRESSIVE;
				CLANG_WARN_UNREACHABLE_CODE = YES;
				CLANG_WARN__DUPLICATE_METHOD_MATCH = YES;
				COPY_PHASE_STRIP = NO;
				DEBUG_INFORMATION_FORMAT = dwarf;
				ENABLE_STRICT_OBJC_MSGSEND = YES;
				ENABLE_TESTABILITY = YES;
				GCC_C_LANGUAGE_STANDARD = gnu11;
				GCC_DYNAMIC_NO_PIC = NO;
				GCC_NO_COMMON_BLOCKS = YES;
				GCC_OPTIMIZATION_LEVEL = 0;
				GCC_PREPROCESSOR_DEFINITIONS = (
					"DEBUG=1",
					"$(inherited)",
				);
				GCC_WARN_64_TO_32_BIT_CONVERSION = YES;
				GCC_WARN_ABOUT_RETURN_TYPE = YES_ERROR;
				GCC_WARN_UNDECLARED_SELECTOR = YES;
				GCC_WARN_UNINITIALIZED_AUTOS = YES_AGGRESSIVE;
				GCC_WARN_UNUSED_FUNCTION = YES;
				GCC_WARN_UNUSED_VARIABLE = YES;
				IPHONEOS_DEPLOYMENT_TARGET = 15.5;
				MTL_ENABLE_DEBUG_INFO = INCLUDE_SOURCE;
				MTL_FAST_MATH = YES;
				ONLY_ACTIVE_ARCH = YES;
				SDKROOT = iphoneos;
				SWIFT_ACTIVE_COMPILATION_CONDITIONS = DEBUG;
				SWIFT_OPTIMIZATION_LEVEL = "-Onone";
			};
			name = Debug;
		};
		8278A32C291D836900BE37A1 /* Release */ = {
			isa = XCBuildConfiguration;
			buildSettings = {
				ALWAYS_SEARCH_USER_PATHS = NO;
				CLANG_ANALYZER_NONNULL = YES;
				CLANG_ANALYZER_NUMBER_OBJECT_CONVERSION = YES_AGGRESSIVE;
				CLANG_CXX_LANGUAGE_STANDARD = "gnu++17";
				CLANG_ENABLE_MODULES = YES;
				CLANG_ENABLE_OBJC_ARC = YES;
				CLANG_ENABLE_OBJC_WEAK = YES;
				CLANG_WARN_BLOCK_CAPTURE_AUTORELEASING = YES;
				CLANG_WARN_BOOL_CONVERSION = YES;
				CLANG_WARN_COMMA = YES;
				CLANG_WARN_CONSTANT_CONVERSION = YES;
				CLANG_WARN_DEPRECATED_OBJC_IMPLEMENTATIONS = YES;
				CLANG_WARN_DIRECT_OBJC_ISA_USAGE = YES_ERROR;
				CLANG_WARN_DOCUMENTATION_COMMENTS = YES;
				CLANG_WARN_EMPTY_BODY = YES;
				CLANG_WARN_ENUM_CONVERSION = YES;
				CLANG_WARN_INFINITE_RECURSION = YES;
				CLANG_WARN_INT_CONVERSION = YES;
				CLANG_WARN_NON_LITERAL_NULL_CONVERSION = YES;
				CLANG_WARN_OBJC_IMPLICIT_RETAIN_SELF = YES;
				CLANG_WARN_OBJC_LITERAL_CONVERSION = YES;
				CLANG_WARN_OBJC_ROOT_CLASS = YES_ERROR;
				CLANG_WARN_QUOTED_INCLUDE_IN_FRAMEWORK_HEADER = YES;
				CLANG_WARN_RANGE_LOOP_ANALYSIS = YES;
				CLANG_WARN_STRICT_PROTOTYPES = YES;
				CLANG_WARN_SUSPICIOUS_MOVE = YES;
				CLANG_WARN_UNGUARDED_AVAILABILITY = YES_AGGRESSIVE;
				CLANG_WARN_UNREACHABLE_CODE = YES;
				CLANG_WARN__DUPLICATE_METHOD_MATCH = YES;
				COPY_PHASE_STRIP = NO;
				DEBUG_INFORMATION_FORMAT = "dwarf-with-dsym";
				ENABLE_NS_ASSERTIONS = NO;
				ENABLE_STRICT_OBJC_MSGSEND = YES;
				GCC_C_LANGUAGE_STANDARD = gnu11;
				GCC_NO_COMMON_BLOCKS = YES;
				GCC_WARN_64_TO_32_BIT_CONVERSION = YES;
				GCC_WARN_ABOUT_RETURN_TYPE = YES_ERROR;
				GCC_WARN_UNDECLARED_SELECTOR = YES;
				GCC_WARN_UNINITIALIZED_AUTOS = YES_AGGRESSIVE;
				GCC_WARN_UNUSED_FUNCTION = YES;
				GCC_WARN_UNUSED_VARIABLE = YES;
				IPHONEOS_DEPLOYMENT_TARGET = 15.5;
				MTL_ENABLE_DEBUG_INFO = NO;
				MTL_FAST_MATH = YES;
				SDKROOT = iphoneos;
				SWIFT_COMPILATION_MODE = wholemodule;
				SWIFT_OPTIMIZATION_LEVEL = "-O";
				VALIDATE_PRODUCT = YES;
			};
			name = Release;
		};
		8278A32E291D836900BE37A1 /* Debug */ = {
			isa = XCBuildConfiguration;
			buildSettings = {
				ASSETCATALOG_COMPILER_APPICON_NAME = AppIcon;
				ASSETCATALOG_COMPILER_GLOBAL_ACCENT_COLOR_NAME = AccentColor;
				CODE_SIGN_STYLE = Automatic;
				CURRENT_PROJECT_VERSION = 1;
				DEVELOPMENT_TEAM = 85M28389DX;
				GENERATE_INFOPLIST_FILE = YES;
				INFOPLIST_FILE = CryptoN/Info.plist;
				INFOPLIST_KEY_UIApplicationSupportsIndirectInputEvents = YES;
				INFOPLIST_KEY_UILaunchStoryboardName = LaunchScreen;
				INFOPLIST_KEY_UIMainStoryboardFile = Main;
				INFOPLIST_KEY_UISupportedInterfaceOrientations_iPad = "UIInterfaceOrientationPortrait UIInterfaceOrientationPortraitUpsideDown UIInterfaceOrientationLandscapeLeft UIInterfaceOrientationLandscapeRight";
				INFOPLIST_KEY_UISupportedInterfaceOrientations_iPhone = "UIInterfaceOrientationPortrait UIInterfaceOrientationLandscapeLeft UIInterfaceOrientationLandscapeRight";
				LD_RUNPATH_SEARCH_PATHS = (
					"$(inherited)",
					"@executable_path/Frameworks",
				);
				MARKETING_VERSION = 1.0;
				PRODUCT_BUNDLE_IDENTIFIER = com.hilmihancalisan.CryptoN;
				PRODUCT_NAME = "$(TARGET_NAME)";
				SWIFT_EMIT_LOC_STRINGS = YES;
				SWIFT_VERSION = 5.0;
				TARGETED_DEVICE_FAMILY = "1,2";
			};
			name = Debug;
		};
		8278A32F291D836900BE37A1 /* Release */ = {
			isa = XCBuildConfiguration;
			buildSettings = {
				ASSETCATALOG_COMPILER_APPICON_NAME = AppIcon;
				ASSETCATALOG_COMPILER_GLOBAL_ACCENT_COLOR_NAME = AccentColor;
				CODE_SIGN_STYLE = Automatic;
				CURRENT_PROJECT_VERSION = 1;
				DEVELOPMENT_TEAM = 85M28389DX;
				GENERATE_INFOPLIST_FILE = YES;
				INFOPLIST_FILE = CryptoN/Info.plist;
				INFOPLIST_KEY_UIApplicationSupportsIndirectInputEvents = YES;
				INFOPLIST_KEY_UILaunchStoryboardName = LaunchScreen;
				INFOPLIST_KEY_UIMainStoryboardFile = Main;
				INFOPLIST_KEY_UISupportedInterfaceOrientations_iPad = "UIInterfaceOrientationPortrait UIInterfaceOrientationPortraitUpsideDown UIInterfaceOrientationLandscapeLeft UIInterfaceOrientationLandscapeRight";
				INFOPLIST_KEY_UISupportedInterfaceOrientations_iPhone = "UIInterfaceOrientationPortrait UIInterfaceOrientationLandscapeLeft UIInterfaceOrientationLandscapeRight";
				LD_RUNPATH_SEARCH_PATHS = (
					"$(inherited)",
					"@executable_path/Frameworks",
				);
				MARKETING_VERSION = 1.0;
				PRODUCT_BUNDLE_IDENTIFIER = com.hilmihancalisan.CryptoN;
				PRODUCT_NAME = "$(TARGET_NAME)";
				SWIFT_EMIT_LOC_STRINGS = YES;
				SWIFT_VERSION = 5.0;
				TARGETED_DEVICE_FAMILY = "1,2";
			};
			name = Release;
		};
/* End XCBuildConfiguration section */

/* Begin XCConfigurationList section */
		8278A314291D836800BE37A1 /* Build configuration list for PBXProject "CryptoN" */ = {
			isa = XCConfigurationList;
			buildConfigurations = (
				8278A32B291D836900BE37A1 /* Debug */,
				8278A32C291D836900BE37A1 /* Release */,
			);
			defaultConfigurationIsVisible = 0;
			defaultConfigurationName = Release;
		};
		8278A32D291D836900BE37A1 /* Build configuration list for PBXNativeTarget "CryptoN" */ = {
			isa = XCConfigurationList;
			buildConfigurations = (
				8278A32E291D836900BE37A1 /* Debug */,
				8278A32F291D836900BE37A1 /* Release */,
			);
			defaultConfigurationIsVisible = 0;
			defaultConfigurationName = Release;
		};
/* End XCConfigurationList section */
	};
	rootObject = 8278A311291D836800BE37A1 /* Project object */;
}
